
Microsoft Visual Studio Solution File, Format Version 12.00
# Visual Studio Version 16
VisualStudioVersion = 16.0.30114.105
MinimumVisualStudioVersion = 10.0.40219.1
Project("{FAE04EC0-301F-11D3-BF4B-00C04F79EFBC}") = "WindowsFormsApp3", "WindowsFormsApp3\WindowsFormsApp3.csproj", "{A508CBE2-9131-45E4-BEC8-21646FA949EF}"
EndProject
Global
	GlobalSection(SolutionConfigurationPlatforms) = preSolution
		Debug|Any CPU = Debug|Any CPU
		Release|Any CPU = Release|Any CPU
	EndGlobalSection
	GlobalSection(ProjectConfigurationPlatforms) = postSolution
		{A508CBE2-9131-45E4-BEC8-21646FA949EF}.Debug|Any CPU.ActiveCfg = Debug|Any CPU
		{A508CBE2-9131-45E4-BEC8-21646FA949EF}.Debug|Any CPU.Build.0 = Debug|Any CPU
		{A508CBE2-9131-45E4-BEC8-21646FA949EF}.Release|Any CPU.ActiveCfg = Release|Any CPU
		{A508CBE2-9131-45E4-BEC8-21646FA949EF}.Release|Any CPU.Build.0 = Release|Any CPU
	EndGlobalSection
	GlobalSection(SolutionProperties) = preSolution
		HideSolutionNode = FALSE
	EndGlobalSection
	GlobalSection(ExtensibilityGlobals) = postSolution
		SolutionGuid = {29AE883E-A116-4795-926A-5DCAECF996A6}
	EndGlobalSection
EndGlobal
